// !$*UTF8*$!
{
	archiveVersion = 1;
	classes = {
	};
	objectVersion = 77;
	objects = {

/* Begin PBXBuildFile section */
		096741772DEE5257006AFE82 /* QoreIDSDK in Frameworks */ = {isa = PBXBuildFile; productRef = 096741762DEE5257006AFE82 /* QoreIDSDK */; };
		0967417A2DEE52E8006AFE82 /* QoreIDDependencies in Frameworks */ = {isa = PBXBuildFile; productRef = 096741792DEE52E8006AFE82 /* QoreIDDependencies */; };
/* End PBXBuildFile section */

/* Begin PBXContainerItemProxy section */
		096741592DEE519B006AFE82 /* PBXContainerItemProxy */ = {
			isa = PBXContainerItemProxy;
			containerPortal = 096741402DEE519A006AFE82 /* Project object */;
			proxyType = 1;
			remoteGlobalIDString = 096741472DEE519A006AFE82;
			remoteInfo = QoreIDSDKExampleSwiftUI;
		};
		096741632DEE519B006AFE82 /* PBXContainerItemProxy */ = {
			isa = PBXContainerItemProxy;
			containerPortal = 096741402DEE519A006AFE82 /* Project object */;
			proxyType = 1;
			remoteGlobalIDString = 096741472DEE519A006AFE82;
			remoteInfo = QoreIDSDKExampleSwiftUI;
		};
/* End PBXContainerItemProxy section */

/* Begin PBXFileReference section */
		096741482DEE519A006AFE82 /* QoreIDSDKExampleSwiftUI.app */ = {isa = PBXFileReference; explicitFileType = wrapper.application; includeInIndex = 0; path = QoreIDSDKExampleSwiftUI.app; sourceTree = BUILT_PRODUCTS_DIR; };
		096741582DEE519B006AFE82 /* QoreIDSDKExampleSwiftUITests.xctest */ = {isa = PBXFileReference; explicitFileType = wrapper.cfbundle; includeInIndex = 0; path = QoreIDSDKExampleSwiftUITests.xctest; sourceTree = BUILT_PRODUCTS_DIR; };
		096741622DEE519B006AFE82 /* QoreIDSDKExampleSwiftUIUITests.xctest */ = {isa = PBXFileReference; explicitFileType = wrapper.cfbundle; includeInIndex = 0; path = QoreIDSDKExampleSwiftUIUITests.xctest; sourceTree = BUILT_PRODUCTS_DIR; };
/* End PBXFileReference section */

/* Begin PBXFileSystemSynchronizedRootGroup section */
		0967414A2DEE519A006AFE82 /* QoreIDSDKExampleSwiftUI */ = {
			isa = PBXFileSystemSynchronizedRootGroup;
			path = QoreIDSDKExampleSwiftUI;
			sourceTree = "<group>";
		};
/* End PBXFileSystemSynchronizedRootGroup section */

/* Begin PBXFrameworksBuildPhase section */
		096741452DEE519A006AFE82 /* Frameworks */ = {
			isa = PBXFrameworksBuildPhase;
			buildActionMask = 2147483647;
			files = (
				096741772DEE5257006AFE82 /* QoreIDSDK in Frameworks */,
				0967417A2DEE52E8006AFE82 /* QoreIDDependencies in Frameworks */,
			);
			runOnlyForDeploymentPostprocessing = 0;
		};
		096741552DEE519B006AFE82 /* Frameworks */ = {
			isa = PBXFrameworksBuildPhase;
			buildActionMask = 2147483647;
			files = (
			);
			runOnlyForDeploymentPostprocessing = 0;
		};
		0967415F2DEE519B006AFE82 /* Frameworks */ = {
			isa = PBXFrameworksBuildPhase;
			buildActionMask = 2147483647;
			files = (
			);
			runOnlyForDeploymentPostprocessing = 0;
		};
/* End PBXFrameworksBuildPhase section */

/* Begin PBXGroup section */
		0967413F2DEE519A006AFE82 = {
			isa = PBXGroup;
			children = (
				0967414A2DEE519A006AFE82 /* QoreIDSDKExampleSwiftUI */,
				096741492DEE519A006AFE82 /* Products */,
			);
			sourceTree = "<group>";
		};
		096741492DEE519A006AFE82 /* Products */ = {
			isa = PBXGroup;
			children = (
				096741482DEE519A006AFE82 /* QoreIDSDKExampleSwiftUI.app */,
				096741582DEE519B006AFE82 /* QoreIDSDKExampleSwiftUITests.xctest */,
				096741622DEE519B006AFE82 /* QoreIDSDKExampleSwiftUIUITests.xctest */,
			);
			name = Products;
			sourceTree = "<group>";
		};
/* End PBXGroup section */

/* Begin PBXNativeTarget section */
		096741472DEE519A006AFE82 /* QoreIDSDKExampleSwiftUI */ = {
			isa = PBXNativeTarget;
			buildConfigurationList = 0967416C2DEE519B006AFE82 /* Build configuration list for PBXNativeTarget "QoreIDSDKExampleSwiftUI" */;
			buildPhases = (
				096741442DEE519A006AFE82 /* Sources */,
				096741452DEE519A006AFE82 /* Frameworks */,
				096741462DEE519A006AFE82 /* Resources */,
			);
			buildRules = (
			);
			dependencies = (
			);
			fileSystemSynchronizedGroups = (
				0967414A2DEE519A006AFE82 /* QoreIDSDKExampleSwiftUI */,
			);
			name = QoreIDSDKExampleSwiftUI;
			packageProductDependencies = (
				096741762DEE5257006AFE82 /* QoreIDSDK */,
				096741792DEE52E8006AFE82 /* QoreIDDependencies */,
			);
			productName = QoreIDSDKExampleSwiftUI;
			productReference = 096741482DEE519A006AFE82 /* QoreIDSDKExampleSwiftUI.app */;
			productType = "com.apple.product-type.application";
		};
		096741572DEE519B006AFE82 /* QoreIDSDKExampleSwiftUITests */ = {
			isa = PBXNativeTarget;
			buildConfigurationList = 0967416F2DEE519B006AFE82 /* Build configuration list for PBXNativeTarget "QoreIDSDKExampleSwiftUITests" */;
			buildPhases = (
				096741542DEE519B006AFE82 /* Sources */,
				096741552DEE519B006AFE82 /* Frameworks */,
				096741562DEE519B006AFE82 /* Resources */,
			);
			buildRules = (
			);
			dependencies = (
				0967415A2DEE519B006AFE82 /* PBXTargetDependency */,
			);
			name = QoreIDSDKExampleSwiftUITests;
			packageProductDependencies = (
			);
			productName = QoreIDSDKExampleSwiftUITests;
			productReference = 096741582DEE519B006AFE82 /* QoreIDSDKExampleSwiftUITests.xctest */;
			productType = "com.apple.product-type.bundle.unit-test";
		};
		096741612DEE519B006AFE82 /* QoreIDSDKExampleSwiftUIUITests */ = {
			isa = PBXNativeTarget;
			buildConfigurationList = 096741722DEE519B006AFE82 /* Build configuration list for PBXNativeTarget "QoreIDSDKExampleSwiftUIUITests" */;
			buildPhases = (
				0967415E2DEE519B006AFE82 /* Sources */,
				0967415F2DEE519B006AFE82 /* Frameworks */,
				096741602DEE519B006AFE82 /* Resources */,
			);
			buildRules = (
			);
			dependencies = (
				096741642DEE519B006AFE82 /* PBXTargetDependency */,
			);
			name = QoreIDSDKExampleSwiftUIUITests;
			packageProductDependencies = (
			);
			productName = QoreIDSDKExampleSwiftUIUITests;
			productReference = 096741622DEE519B006AFE82 /* QoreIDSDKExampleSwiftUIUITests.xctest */;
			productType = "com.apple.product-type.bundle.ui-testing";
		};
/* End PBXNativeTarget section */

/* Begin PBXProject section */
		096741402DEE519A006AFE82 /* Project object */ = {
			isa = PBXProject;
			attributes = {
				BuildIndependentTargetsInParallel = 1;
				LastSwiftUpdateCheck = 1620;
				LastUpgradeCheck = 1620;
				TargetAttributes = {
					096741472DEE519A006AFE82 = {
						CreatedOnToolsVersion = 16.2;
					};
					096741572DEE519B006AFE82 = {
						CreatedOnToolsVersion = 16.2;
						TestTargetID = 096741472DEE519A006AFE82;
					};
					096741612DEE519B006AFE82 = {
						CreatedOnToolsVersion = 16.2;
						TestTargetID = 096741472DEE519A006AFE82;
					};
				};
			};
			buildConfigurationList = 096741432DEE519A006AFE82 /* Build configuration list for PBXProject "QoreIDSDKExampleSwiftUI" */;
			developmentRegion = en;
			hasScannedForEncodings = 0;
			knownRegions = (
				en,
				Base,
			);
			mainGroup = 0967413F2DEE519A006AFE82;
			minimizedProjectReferenceProxies = 1;
			packageReferences = (
				096741752DEE5257006AFE82 /* XCRemoteSwiftPackageReference "QoreIDSDKiOS" */,
				096741782DEE52E8006AFE82 /* XCRemoteSwiftPackageReference "QoreIDSDKiOSDependencies" */,
			);
			preferredProjectObjectVersion = 77;
			productRefGroup = 096741492DEE519A006AFE82 /* Products */;
			projectDirPath = "";
			projectRoot = "";
			targets = (
				096741472DEE519A006AFE82 /* QoreIDSDKExampleSwiftUI */,
				096741572DEE519B006AFE82 /* QoreIDSDKExampleSwiftUITests */,
				096741612DEE519B006AFE82 /* QoreIDSDKExampleSwiftUIUITests */,
			);
		};
/* End PBXProject section */

/* Begin PBXResourcesBuildPhase section */
		096741462DEE519A006AFE82 /* Resources */ = {
			isa = PBXResourcesBuildPhase;
			buildActionMask = 2147483647;
			files = (
			);
			runOnlyForDeploymentPostprocessing = 0;
		};
		096741562DEE519B006AFE82 /* Resources */ = {
			isa = PBXResourcesBuildPhase;
			buildActionMask = 2147483647;
			files = (
			);
			runOnlyForDeploymentPostprocessing = 0;
		};
		096741602DEE519B006AFE82 /* Resources */ = {
			isa = PBXResourcesBuildPhase;
			buildActionMask = 2147483647;
			files = (
			);
			runOnlyForDeploymentPostprocessing = 0;
		};
/* End PBXResourcesBuildPhase section */

/* Begin PBXSourcesBuildPhase section */
		096741442DEE519A006AFE82 /* Sources */ = {
			isa = PBXSourcesBuildPhase;
			buildActionMask = 2147483647;
			files = (
			);
			runOnlyForDeploymentPostprocessing = 0;
		};
		096741542DEE519B006AFE82 /* Sources */ = {
			isa = PBXSourcesBuildPhase;
			buildActionMask = 2147483647;
			files = (
			);
			runOnlyForDeploymentPostprocessing = 0;
		};
		0967415E2DEE519B006AFE82 /* Sources */ = {
			isa = PBXSourcesBuildPhase;
			buildActionMask = 2147483647;
			files = (
			);
			runOnlyForDeploymentPostprocessing = 0;
		};
/* End PBXSourcesBuildPhase section */

/* Begin PBXTargetDependency section */
		0967415A2DEE519B006AFE82 /* PBXTargetDependency */ = {
			isa = PBXTargetDependency;
			target = 096741472DEE519A006AFE82 /* QoreIDSDKExampleSwiftUI */;
			targetProxy = 096741592DEE519B006AFE82 /* PBXContainerItemProxy */;
		};
		096741642DEE519B006AFE82 /* PBXTargetDependency */ = {
			isa = PBXTargetDependency;
			target = 096741472DEE519A006AFE82 /* QoreIDSDKExampleSwiftUI */;
			targetProxy = 096741632DEE519B006AFE82 /* PBXContainerItemProxy */;
		};
/* End PBXTargetDependency section */

/* Begin XCBuildConfiguration section */
		0967416A2DEE519B006AFE82 /* Debug */ = {
			isa = XCBuildConfiguration;
			buildSettings = {
				ALWAYS_SEARCH_USER_PATHS = NO;
				ASSETCATALOG_COMPILER_GENERATE_SWIFT_ASSET_SYMBOL_EXTENSIONS = YES;
				CLANG_ANALYZER_NONNULL = YES;
				CLANG_ANALYZER_NUMBER_OBJECT_CONVERSION = YES_AGGRESSIVE;
				CLANG_CXX_LANGUAGE_STANDARD = "gnu++20";
				CLANG_ENABLE_MODULES = YES;
				CLANG_ENABLE_OBJC_ARC = YES;
				CLANG_ENABLE_OBJC_WEAK = YES;
				CLANG_WARN_BLOCK_CAPTURE_AUTORELEASING = YES;
				CLANG_WARN_BOOL_CONVERSION = YES;
				CLANG_WARN_COMMA = YES;
				CLANG_WARN_CONSTANT_CONVERSION = YES;
				CLANG_WARN_DEPRECATED_OBJC_IMPLEMENTATIONS = YES;
				CLANG_WARN_DIRECT_OBJC_ISA_USAGE = YES_ERROR;
				CLANG_WARN_DOCUMENTATION_COMMENTS = YES;
				CLANG_WARN_EMPTY_BODY = YES;
				CLANG_WARN_ENUM_CONVERSION = YES;
				CLANG_WARN_INFINITE_RECURSION = YES;
				CLANG_WARN_INT_CONVERSION = YES;
				CLANG_WARN_NON_LITERAL_NULL_CONVERSION = YES;
				CLANG_WARN_OBJC_IMPLICIT_RETAIN_SELF = YES;
				CLANG_WARN_OBJC_LITERAL_CONVERSION = YES;
				CLANG_WARN_OBJC_ROOT_CLASS = YES_ERROR;
				CLANG_WARN_QUOTED_INCLUDE_IN_FRAMEWORK_HEADER = YES;
				CLANG_WARN_RANGE_LOOP_ANALYSIS = YES;
				CLANG_WARN_STRICT_PROTOTYPES = YES;
				CLANG_WARN_SUSPICIOUS_MOVE = YES;
				CLANG_WARN_UNGUARDED_AVAILABILITY = YES_AGGRESSIVE;
				CLANG_WARN_UNREACHABLE_CODE = YES;
				CLANG_WARN__DUPLICATE_METHOD_MATCH = YES;
				COPY_PHASE_STRIP = NO;
				DEBUG_INFORMATION_FORMAT = dwarf;
				ENABLE_STRICT_OBJC_MSGSEND = YES;
				ENABLE_TESTABILITY = YES;
				ENABLE_USER_SCRIPT_SANDBOXING = YES;
				GCC_C_LANGUAGE_STANDARD = gnu17;
				GCC_DYNAMIC_NO_PIC = NO;
				GCC_NO_COMMON_BLOCKS = YES;
				GCC_OPTIMIZATION_LEVEL = 0;
				GCC_PREPROCESSOR_DEFINITIONS = (
					"DEBUG=1",
					"$(inherited)",
				);
				GCC_WARN_64_TO_32_BIT_CONVERSION = YES;
				GCC_WARN_ABOUT_RETURN_TYPE = YES_ERROR;
				GCC_WARN_UNDECLARED_SELECTOR = YES;
				GCC_WARN_UNINITIALIZED_AUTOS = YES_AGGRESSIVE;
				GCC_WARN_UNUSED_FUNCTION = YES;
				GCC_WARN_UNUSED_VARIABLE = YES;
				IPHONEOS_DEPLOYMENT_TARGET = 18.2;
				LOCALIZATION_PREFERS_STRING_CATALOGS = YES;
				MTL_ENABLE_DEBUG_INFO = INCLUDE_SOURCE;
				MTL_FAST_MATH = YES;
				ONLY_ACTIVE_ARCH = YES;
				SDKROOT = iphoneos;
				SWIFT_ACTIVE_COMPILATION_CONDITIONS = "DEBUG $(inherited)";
				SWIFT_OPTIMIZATION_LEVEL = "-Onone";
			};
			name = Debug;
		};
		0967416B2DEE519B006AFE82 /* Release */ = {
			isa = XCBuildConfiguration;
			buildSettings = {
				ALWAYS_SEARCH_USER_PATHS = NO;
				ASSETCATALOG_COMPILER_GENERATE_SWIFT_ASSET_SYMBOL_EXTENSIONS = YES;
				CLANG_ANALYZER_NONNULL = YES;
				CLANG_ANALYZER_NUMBER_OBJECT_CONVERSION = YES_AGGRESSIVE;
				CLANG_CXX_LANGUAGE_STANDARD = "gnu++20";
				CLANG_ENABLE_MODULES = YES;
				CLANG_ENABLE_OBJC_ARC = YES;
				CLANG_ENABLE_OBJC_WEAK = YES;
				CLANG_WARN_BLOCK_CAPTURE_AUTORELEASING = YES;
				CLANG_WARN_BOOL_CONVERSION = YES;
				CLANG_WARN_COMMA = YES;
				CLANG_WARN_CONSTANT_CONVERSION = YES;
				CLANG_WARN_DEPRECATED_OBJC_IMPLEMENTATIONS = YES;
				CLANG_WARN_DIRECT_OBJC_ISA_USAGE = YES_ERROR;
				CLANG_WARN_DOCUMENTATION_COMMENTS = YES;
				CLANG_WARN_EMPTY_BODY = YES;
				CLANG_WARN_ENUM_CONVERSION = YES;
				CLANG_WARN_INFINITE_RECURSION = YES;
				CLANG_WARN_INT_CONVERSION = YES;
				CLANG_WARN_NON_LITERAL_NULL_CONVERSION = YES;
				CLANG_WARN_OBJC_IMPLICIT_RETAIN_SELF = YES;
				CLANG_WARN_OBJC_LITERAL_CONVERSION = YES;
				CLANG_WARN_OBJC_ROOT_CLASS = YES_ERROR;
				CLANG_WARN_QUOTED_INCLUDE_IN_FRAMEWORK_HEADER = YES;
				CLANG_WARN_RANGE_LOOP_ANALYSIS = YES;
				CLANG_WARN_STRICT_PROTOTYPES = YES;
				CLANG_WARN_SUSPICIOUS_MOVE = YES;
				CLANG_WARN_UNGUARDED_AVAILABILITY = YES_AGGRESSIVE;
				CLANG_WARN_UNREACHABLE_CODE = YES;
				CLANG_WARN__DUPLICATE_METHOD_MATCH = YES;
				COPY_PHASE_STRIP = NO;
				DEBUG_INFORMATION_FORMAT = "dwarf-with-dsym";
				ENABLE_NS_ASSERTIONS = NO;
				ENABLE_STRICT_OBJC_MSGSEND = YES;
				ENABLE_USER_SCRIPT_SANDBOXING = YES;
				GCC_C_LANGUAGE_STANDARD = gnu17;
				GCC_NO_COMMON_BLOCKS = YES;
				GCC_WARN_64_TO_32_BIT_CONVERSION = YES;
				GCC_WARN_ABOUT_RETURN_TYPE = YES_ERROR;
				GCC_WARN_UNDECLARED_SELECTOR = YES;
				GCC_WARN_UNINITIALIZED_AUTOS = YES_AGGRESSIVE;
				GCC_WARN_UNUSED_FUNCTION = YES;
				GCC_WARN_UNUSED_VARIABLE = YES;
				IPHONEOS_DEPLOYMENT_TARGET = 18.2;
				LOCALIZATION_PREFERS_STRING_CATALOGS = YES;
				MTL_ENABLE_DEBUG_INFO = NO;
				MTL_FAST_MATH = YES;
				SDKROOT = iphoneos;
				SWIFT_COMPILATION_MODE = wholemodule;
				VALIDATE_PRODUCT = YES;
			};
			name = Release;
		};
		0967416D2DEE519B006AFE82 /* Debug */ = {
			isa = XCBuildConfiguration;
			buildSettings = {
				ASSETCATALOG_COMPILER_APPICON_NAME = AppIcon;
				ASSETCATALOG_COMPILER_GLOBAL_ACCENT_COLOR_NAME = AccentColor;
				CODE_SIGN_STYLE = Automatic;
				CURRENT_PROJECT_VERSION = 1;
				DEVELOPMENT_ASSET_PATHS = "\"QoreIDSDKExampleSwiftUI/Preview Content\"";
				DEVELOPMENT_TEAM = 7JV54P3SL3;
				ENABLE_PREVIEWS = YES;
				GENERATE_INFOPLIST_FILE = YES;
				INFOPLIST_KEY_UIApplicationSceneManifest_Generation = YES;
				INFOPLIST_KEY_UIApplicationSupportsIndirectInputEvents = YES;
				INFOPLIST_KEY_UILaunchScreen_Generation = YES;
				INFOPLIST_KEY_UISupportedInterfaceOrientations_iPad = "UIInterfaceOrientationPortrait UIInterfaceOrientationPortraitUpsideDown UIInterfaceOrientationLandscapeLeft UIInterfaceOrientationLandscapeRight";
				INFOPLIST_KEY_UISupportedInterfaceOrientations_iPhone = "UIInterfaceOrientationPortrait UIInterfaceOrientationLandscapeLeft UIInterfaceOrientationLandscapeRight";
				LD_RUNPATH_SEARCH_PATHS = (
					"$(inherited)",
					"@executable_path/Frameworks",
				);
				MARKETING_VERSION = 1.0;
				PRODUCT_BUNDLE_IDENTIFIER = com.guru.QoreIDSDKExampleSwiftUI;
				PRODUCT_NAME = "$(TARGET_NAME)";
				SWIFT_EMIT_LOC_STRINGS = YES;
				SWIFT_VERSION = 5.0;
				TARGETED_DEVICE_FAMILY = "1,2";
			};
			name = Debug;
		};
		0967416E2DEE519B006AFE82 /* Release */ = {
			isa = XCBuildConfiguration;
			buildSettings = {
				ASSETCATALOG_COMPILER_APPICON_NAME = AppIcon;
				ASSETCATALOG_COMPILER_GLOBAL_ACCENT_COLOR_NAME = AccentColor;
				CODE_SIGN_STYLE = Automatic;
				CURRENT_PROJECT_VERSION = 1;
				DEVELOPMENT_ASSET_PATHS = "\"QoreIDSDKExampleSwiftUI/Preview Content\"";
				DEVELOPMENT_TEAM = 7JV54P3SL3;
				ENABLE_PREVIEWS = YES;
				GENERATE_INFOPLIST_FILE = YES;
				INFOPLIST_KEY_UIApplicationSceneManifest_Generation = YES;
				INFOPLIST_KEY_UIApplicationSupportsIndirectInputEvents = YES;
				INFOPLIST_KEY_UILaunchScreen_Generation = YES;
				INFOPLIST_KEY_UISupportedInterfaceOrientations_iPad = "UIInterfaceOrientationPortrait UIInterfaceOrientationPortraitUpsideDown UIInterfaceOrientationLandscapeLeft UIInterfaceOrientationLandscapeRight";
				INFOPLIST_KEY_UISupportedInterfaceOrientations_iPhone = "UIInterfaceOrientationPortrait UIInterfaceOrientationLandscapeLeft UIInterfaceOrientationLandscapeRight";
				LD_RUNPATH_SEARCH_PATHS = (
					"$(inherited)",
					"@executable_path/Frameworks",
				);
				MARKETING_VERSION = 1.0;
				PRODUCT_BUNDLE_IDENTIFIER = com.guru.QoreIDSDKExampleSwiftUI;
				PRODUCT_NAME = "$(TARGET_NAME)";
				SWIFT_EMIT_LOC_STRINGS = YES;
				SWIFT_VERSION = 5.0;
				TARGETED_DEVICE_FAMILY = "1,2";
			};
			name = Release;
		};
		096741702DEE519B006AFE82 /* Debug */ = {
			isa = XCBuildConfiguration;
			buildSettings = {
				BUNDLE_LOADER = "$(TEST_HOST)";
				CODE_SIGN_STYLE = Automatic;
				CURRENT_PROJECT_VERSION = 1;
				DEVELOPMENT_TEAM = 7JV54P3SL3;
				GENERATE_INFOPLIST_FILE = YES;
				IPHONEOS_DEPLOYMENT_TARGET = 18.2;
				MARKETING_VERSION = 1.0;
				PRODUCT_BUNDLE_IDENTIFIER = com.guru.QoreIDSDKExampleSwiftUITests;
				PRODUCT_NAME = "$(TARGET_NAME)";
				SWIFT_EMIT_LOC_STRINGS = NO;
				SWIFT_VERSION = 5.0;
				TARGETED_DEVICE_FAMILY = "1,2";
				TEST_HOST = "$(BUILT_PRODUCTS_DIR)/QoreIDSDKExampleSwiftUI.app/$(BUNDLE_EXECUTABLE_FOLDER_PATH)/QoreIDSDKExampleSwiftUI";
			};
			name = Debug;
		};
		096741712DEE519B006AFE82 /* Release */ = {
			isa = XCBuildConfiguration;
			buildSettings = {
				BUNDLE_LOADER = "$(TEST_HOST)";
				CODE_SIGN_STYLE = Automatic;
				CURRENT_PROJECT_VERSION = 1;
				DEVELOPMENT_TEAM = 7JV54P3SL3;
				GENERATE_INFOPLIST_FILE = YES;
				IPHONEOS_DEPLOYMENT_TARGET = 18.2;
				MARKETING_VERSION = 1.0;
				PRODUCT_BUNDLE_IDENTIFIER = com.guru.QoreIDSDKExampleSwiftUITests;
				PRODUCT_NAME = "$(TARGET_NAME)";
				SWIFT_EMIT_LOC_STRINGS = NO;
				SWIFT_VERSION = 5.0;
				TARGETED_DEVICE_FAMILY = "1,2";
				TEST_HOST = "$(BUILT_PRODUCTS_DIR)/QoreIDSDKExampleSwiftUI.app/$(BUNDLE_EXECUTABLE_FOLDER_PATH)/QoreIDSDKExampleSwiftUI";
			};
			name = Release;
		};
		096741732DEE519B006AFE82 /* Debug */ = {
			isa = XCBuildConfiguration;
			buildSettings = {
				CODE_SIGN_STYLE = Automatic;
				CURRENT_PROJECT_VERSION = 1;
				DEVELOPMENT_TEAM = 7JV54P3SL3;
				GENERATE_INFOPLIST_FILE = YES;
				MARKETING_VERSION = 1.0;
				PRODUCT_BUNDLE_IDENTIFIER = com.guru.QoreIDSDKExampleSwiftUIUITests;
				PRODUCT_NAME = "$(TARGET_NAME)";
				SWIFT_EMIT_LOC_STRINGS = NO;
				SWIFT_VERSION = 5.0;
				TARGETED_DEVICE_FAMILY = "1,2";
				TEST_TARGET_NAME = QoreIDSDKExampleSwiftUI;
			};
			name = Debug;
		};
		096741742DEE519B006AFE82 /* Release */ = {
			isa = XCBuildConfiguration;
			buildSettings = {
				CODE_SIGN_STYLE = Automatic;
				CURRENT_PROJECT_VERSION = 1;
				DEVELOPMENT_TEAM = 7JV54P3SL3;
				GENERATE_INFOPLIST_FILE = YES;
				MARKETING_VERSION = 1.0;
				PRODUCT_BUNDLE_IDENTIFIER = com.guru.QoreIDSDKExampleSwiftUIUITests;
				PRODUCT_NAME = "$(TARGET_NAME)";
				SWIFT_EMIT_LOC_STRINGS = NO;
				SWIFT_VERSION = 5.0;
				TARGETED_DEVICE_FAMILY = "1,2";
				TEST_TARGET_NAME = QoreIDSDKExampleSwiftUI;
			};
			name = Release;
		};
/* End XCBuildConfiguration section */

/* Begin XCConfigurationList section */
		096741432DEE519A006AFE82 /* Build configuration list for PBXProject "QoreIDSDKExampleSwiftUI" */ = {
			isa = XCConfigurationList;
			buildConfigurations = (
				0967416A2DEE519B006AFE82 /* Debug */,
				0967416B2DEE519B006AFE82 /* Release */,
			);
			defaultConfigurationIsVisible = 0;
			defaultConfigurationName = Release;
		};
		0967416C2DEE519B006AFE82 /* Build configuration list for PBXNativeTarget "QoreIDSDKExampleSwiftUI" */ = {
			isa = XCConfigurationList;
			buildConfigurations = (
				0967416D2DEE519B006AFE82 /* Debug */,
				0967416E2DEE519B006AFE82 /* Release */,
			);
			defaultConfigurationIsVisible = 0;
			defaultConfigurationName = Release;
		};
		0967416F2DEE519B006AFE82 /* Build configuration list for PBXNativeTarget "QoreIDSDKExampleSwiftUITests" */ = {
			isa = XCConfigurationList;
			buildConfigurations = (
				096741702DEE519B006AFE82 /* Debug */,
				096741712DEE519B006AFE82 /* Release */,
			);
			defaultConfigurationIsVisible = 0;
			defaultConfigurationName = Release;
		};
		096741722DEE519B006AFE82 /* Build configuration list for PBXNativeTarget "QoreIDSDKExampleSwiftUIUITests" */ = {
			isa = XCConfigurationList;
			buildConfigurations = (
				096741732DEE519B006AFE82 /* Debug */,
				096741742DEE519B006AFE82 /* Release */,
			);
			defaultConfigurationIsVisible = 0;
			defaultConfigurationName = Release;
		};
/* End XCConfigurationList section */

/* Begin XCRemoteSwiftPackageReference section */
		096741752DEE5257006AFE82 /* XCRemoteSwiftPackageReference "QoreIDSDKiOS" */ = {
			isa = XCRemoteSwiftPackageReference;
			repositoryURL = "https://github.com/QoreID/QoreIDSDKiOS";
			requirement = {
				kind = upToNextMajorVersion;
				minimumVersion = 1.0.6;
			};
		};
		096741782DEE52E8006AFE82 /* XCRemoteSwiftPackageReference "QoreIDSDKiOSDependencies" */ = {
			isa = XCRemoteSwiftPackageReference;
			repositoryURL = "https://github.com/QoreID/QoreIDSDKiOSDependencies";
			requirement = {
				kind = upToNextMajorVersion;
				minimumVersion = 1.0.4;
			};
		};
/* End XCRemoteSwiftPackageReference section */

/* Begin XCSwiftPackageProductDependency section */
		096741762DEE5257006AFE82 /* QoreIDSDK */ = {
			isa = XCSwiftPackageProductDependency;
			package = 096741752DEE5257006AFE82 /* XCRemoteSwiftPackageReference "QoreIDSDKiOS" */;
			productName = QoreIDSDK;
		};
		096741792DEE52E8006AFE82 /* QoreIDDependencies */ = {
			isa = XCSwiftPackageProductDependency;
			package = 096741782DEE52E8006AFE82 /* XCRemoteSwiftPackageReference "QoreIDSDKiOSDependencies" */;
			productName = QoreIDDependencies;
		};
/* End XCSwiftPackageProductDependency section */
	};
	rootObject = 096741402DEE519A006AFE82 /* Project object */;
}
